
Microsoft Visual Studio Solution File, Format Version 12.00
# Visual Studio Version 17
VisualStudioVersion = 17.7.34009.444
MinimumVisualStudioVersion = 10.0.40219.1
Project("{FAE04EC0-301F-11D3-BF4B-00C04F79EFBC}") = "UniversiteDB", "UniversiteDB\UniversiteDB.csproj", "{59FD5FF0-FB65-4FA7-A0EC-FA54C9A18BCE}"
EndProject
Global
	GlobalSection(SolutionConfigurationPlatforms) = preSolution
		Debug|Any CPU = Debug|Any CPU
		Release|Any CPU = Release|Any CPU
	EndGlobalSection
	GlobalSection(ProjectConfigurationPlatforms) = postSolution
		{59FD5FF0-FB65-4FA7-A0EC-FA54C9A18BCE}.Debug|Any CPU.ActiveCfg = Debug|Any CPU
		{59FD5FF0-FB65-4FA7-A0EC-FA54C9A18BCE}.Debug|Any CPU.Build.0 = Debug|Any CPU
		{59FD5FF0-FB65-4FA7-A0EC-FA54C9A18BCE}.Release|Any CPU.ActiveCfg = Release|Any CPU
		{59FD5FF0-FB65-4FA7-A0EC-FA54C9A18BCE}.Release|Any CPU.Build.0 = Release|Any CPU
	EndGlobalSection
	GlobalSection(SolutionProperties) = preSolution
		HideSolutionNode = FALSE
	EndGlobalSection
	GlobalSection(ExtensibilityGlobals) = postSolution
		SolutionGuid = {D87E678C-45CC-452C-BBFF-B5D0008E1756}
	EndGlobalSection
EndGlobal
